# THIS IS AN AUTOGENERATED FILE. DO NOT EDIT THIS FILE DIRECTLY.
# yarn lockfile v1


"@noble/curves@^1.9.7":
  version "1.9.7"
  resolved "https://registry.yarnpkg.com/@noble/curves/-/curves-1.9.7.tgz#79d04b4758a43e4bca2cbdc62e7771352fa6b951"
  integrity sha512-gbKGcRUYIjA3/zCCNaWDciTMFI0dCkvou3TL8Zmy5Nc7sJ47a0jtOeZoTaMxkuqRo9cRhjOdZJXegxYE5FN/xw==
  dependencies:
    "@noble/hashes" "1.8.0"

"@noble/curves@^2.0.1":
  version "2.2.0"
  resolved "https://registry.yarnpkg.com/@noble/curves/-/curves-2.2.0.tgz#981be3aadc3bbfbcdb245e78cc97aa6f759246c2"
  integrity sha512-T/BoHgFXirb0ENSPBquzX0rcjXeM6Lo892a2jlYJkqk83LqZx0l1Of7DzlKJ6jkpvMrkHSnAcgb5JegL8SeIkQ==
  dependencies:
    "@noble/hashes" "2.2.0"

"@noble/hashes@1.8.0":
  version "1.8.0"
  resolved "https://registry.yarnpkg.com/@noble/hashes/-/hashes-1.8.0.tgz#cee43d801fcef9644b11b8194857695acd5f815a"
  integrity sha512-jCs9ldd7NwzpgXDIf6P3+NrHh9/sD6CQdxHyjQI+h/6rDNo88ypBxxz45UDuZHz9r3tNz7N/VInSVoVdtXEI4A==

"@noble/hashes@2.2.0", "@noble/hashes@^2.0.1":
  version "2.2.0"
  resolved "https://registry.yarnpkg.com/@noble/hashes/-/hashes-2.2.0.tgz#22da1d16a469954fce877055d559900a6c73b63b"
  integrity sha512-IYqDGiTXab6FniAgnSdZwgWbomxpy9FtYvLKs7wCUs2a8RkITG+DFGO1DM9cr+E3/RgADRpFjrKVaJ1z6sjtEg==

"@simplewebauthn/browser@^13.3.0":
  version "13.3.0"
  resolved "https://registry.yarnpkg.com/@simplewebauthn/browser/-/browser-13.3.0.tgz#e12153e71f4a8f4f8f17f94ca9c5161115306239"
  integrity sha512-BE/UWv6FOToAdVk0EokzkqQQDOWtNydYlY6+OrmiZ5SCNmb41VehttboTetUM3T/fr6EAFYVXjz4My2wg230rQ==

"@solana-program/system@^0.12.0", "@solana-program/system@^0.12.2":
  version "0.12.2"
  resolved "https://registry.npmjs.org/@solana-program/system/-/system-0.12.2.tgz"
  integrity sha512-MaBeOxlvTruQhA7UYkOb3hVTEHPPagOtd+PvTm6a8rGgvEAP0kD4BbC37NceOaR4ABNqdaCmD5OMVRKgrE6KAg==

"@solana-program/token-2022@^0.11.0":
  version "0.11.0"
  resolved "https://registry.yarnpkg.com/@solana-program/token-2022/-/token-2022-0.11.0.tgz#26e1f9c9a9c1a32cc66c4a1d272f5080b2add5cd"
  integrity sha512-4yhSajmlZdMl98vJvt63kW6L0ERtV7UFcfZGJFyUVfTMxTrgghp8BNyhh5S1Ho3p4yHqfgL4N9VgVQ9GCnqqbg==
  dependencies:
    "@noble/curves" "^1.9.7"
    "@solana-program/zk-elgamal-proof" "^0.1.0"

"@solana-program/zk-elgamal-proof@^0.1.0":
  version "0.1.0"
  resolved "https://registry.yarnpkg.com/@solana-program/zk-elgamal-proof/-/zk-elgamal-proof-0.1.0.tgz#e4189973a50d5418ca4d549a2bd47e5d05bd782c"
  integrity sha512-MKyeapz8P7SqkkC7h53ARFLoanb59ylVzokSMyINDH7hxY3JyiZs92/VfPa/qedhLAEHLd8jcc8sQ3pr3GyXtw==
  dependencies:
    "@solana-program/system" "^0.12.0"

"@solana/accounts@6.9.0":
  version "6.9.0"
  resolved "https://registry.npmjs.org/@solana/accounts/-/accounts-6.9.0.tgz"
  integrity sha512-g36AJreJrgf9AAjOfbdFHEFUTymBgzbWHoEDElZ+fDKvqBINDiUVKzDApwc7C7kGPMFqQBaoEHnQRxf2IqfKZQ==
  dependencies:
    "@solana/addresses" "6.9.0"
    "@solana/codecs-core" "6.9.0"
    "@solana/codecs-strings" "6.9.0"
    "@solana/errors" "6.9.0"
    "@solana/rpc-spec" "6.9.0"
    "@solana/rpc-types" "6.9.0"

"@solana/addresses@6.10.0":
  version "6.10.0"
  resolved "https://registry.yarnpkg.com/@solana/addresses/-/addresses-6.10.0.tgz#447d16332816b63ebf53fef1bcb6e7b70fb8ce0e"
  integrity sha512-vEoCGBTxG0HCERAn84KXkrJjl+pDaNzOpZ0qbgcPS98fYxP5yzbKB8SNOY2bzrbkRUmmw5Q3hqTRERemUN2Gcw==
  dependencies:
    "@solana/assertions" "6.10.0"
    "@solana/codecs-core" "6.10.0"
    "@solana/codecs-strings" "6.10.0"
    "@solana/errors" "6.10.0"
    "@solana/nominal-types" "6.10.0"

"@solana/addresses@6.9.0":
  version "6.9.0"
  resolved "https://registry.npmjs.org/@solana/addresses/-/addresses-6.9.0.tgz"
  integrity sha512-tWnG2L6lo/ZhcMT019F3myDsH87MM8EZbTO0cgwgvVPlEdIGblROFF3tGVrb7FVCOlbPI0ONCFyPbnrmR58LsA==
  dependencies:
    "@solana/assertions" "6.9.0"
    "@solana/codecs-core" "6.9.0"
    "@solana/codecs-strings" "6.9.0"
    "@solana/errors" "6.9.0"
    "@solana/nominal-types" "6.9.0"

"@solana/assertions@6.10.0":
  version "6.10.0"
  resolved "https://registry.yarnpkg.com/@solana/assertions/-/assertions-6.10.0.tgz#58998f43b45b234cf95d0777505258f47901b440"
  integrity sha512-lKSAdVo+P/6Lp4vs6shstXmFOpvxrABwn4o1462tb7sKkNapk6o9pPFVPGw4DUgPS3WqWRs1j2tmpuVjhQRntg==
  dependencies:
    "@solana/errors" "6.10.0"

"@solana/assertions@6.9.0":
  version "6.9.0"
  resolved "https://registry.npmjs.org/@solana/assertions/-/assertions-6.9.0.tgz"
  integrity sha512-FjWWD6e0in+HFsHMvU2zKCbyPfKtDW6iGXZZ9+Qg1QUYpO1AEObsya3F7hb9RkZKUueK4WwWAQnIuvEUp3A1uA==
  dependencies:
    "@solana/errors" "6.9.0"

"@solana/codecs-core@6.10.0":
  version "6.10.0"
  resolved "https://registry.yarnpkg.com/@solana/codecs-core/-/codecs-core-6.10.0.tgz#fa385a6dfdaf95a76a1d1a4b59c678f800c7ec4c"
  integrity sha512-nfAl9OMGo4HanIMxGsQoVB7BxMoqBCYEUxl8oEAZZ09pDxnaXQZkTRXEwPPccag37XfW1ciPd1vWPKwB2b0HHQ==
  dependencies:
    "@solana/errors" "6.10.0"

"@solana/codecs-core@6.9.0":
  version "6.9.0"
  resolved "https://registry.npmjs.org/@solana/codecs-core/-/codecs-core-6.9.0.tgz"
  integrity sha512-F2BmLecG/1nTtnjyD509NsEc254pxJKa2bpvotymv1lL1WfEn3zchcZ9SMIiLyL4G6J8b9F3OKIq2YSZho2AOQ==
  dependencies:
    "@solana/errors" "6.9.0"

"@solana/codecs-data-structures@6.10.0":
  version "6.10.0"
  resolved "https://registry.yarnpkg.com/@solana/codecs-data-structures/-/codecs-data-structures-6.10.0.tgz#17e51ab92299558cf55c8f29e4d02c140608795c"
  integrity sha512-CNasJW3bq5u+632Zt5aJ8rOjAjv2HyenpV8o9kAIqdmV4CBpjCCoBnKn8LkuR/sbeREZxJYfhKTXO/9ruAkw7A==
  dependencies:
    "@solana/codecs-core" "6.10.0"
    "@solana/codecs-numbers" "6.10.0"
    "@solana/errors" "6.10.0"

"@solana/codecs-data-structures@6.9.0":
  version "6.9.0"
  resolved "https://registry.npmjs.org/@solana/codecs-data-structures/-/codecs-data-structures-6.9.0.tgz"
  integrity sha512-f7GYtiHafvJDhqiwzUUSr/6AYSK4DCw6quPmA80NZGtkNiFa+g6LoJy2wbC0wp2dxvCwNpxf6x3ILCYRutAvvg==
  dependencies:
    "@solana/codecs-core" "6.9.0"
    "@solana/codecs-numbers" "6.9.0"
    "@solana/errors" "6.9.0"

"@solana/codecs-numbers@6.10.0":
  version "6.10.0"
  resolved "https://registry.yarnpkg.com/@solana/codecs-numbers/-/codecs-numbers-6.10.0.tgz#17dee1edac03f73d22bf11629c6a6e784f10290d"
  integrity sha512-CcM+wX4zOiA9zkh8A7t1787A0Ehgmu5+6Z2tKoHew6cNw/dkaUTPa8JnNHbvfsLC8dfHC1BhAEJl86sKmRsfkQ==
  dependencies:
    "@solana/codecs-core" "6.10.0"
    "@solana/errors" "6.10.0"

"@solana/codecs-numbers@6.9.0":
  version "6.9.0"
  resolved "https://registry.npmjs.org/@solana/codecs-numbers/-/codecs-numbers-6.9.0.tgz"
  integrity sha512-XMI0FOHV2h7yPAllxWCX8z+J1msidNjXzN1mRjH5KR6C+vfzyKa2xWHve0bNSV/bjVAhqqhc7dQCpBKuF4+ScQ==
  dependencies:
    "@solana/codecs-core" "6.9.0"
    "@solana/errors" "6.9.0"

"@solana/codecs-strings@6.10.0":
  version "6.10.0"
  resolved "https://registry.yarnpkg.com/@solana/codecs-strings/-/codecs-strings-6.10.0.tgz#06755cb5785af404412cb03fa49b41a40d956b49"
  integrity sha512-zlaqkg7K6F6IN4V/Ec8TWkTn054gxv7ZLagvGkuEyAdPQ6BzzsehOm2TqCuyXgJJTCGPLY1bEk6yH9NxANe0kA==
  dependencies:
    "@solana/codecs-core" "6.10.0"
    "@solana/codecs-numbers" "6.10.0"
    "@solana/errors" "6.10.0"

"@solana/codecs-strings@6.9.0":
  version "6.9.0"
  resolved "https://registry.npmjs.org/@solana/codecs-strings/-/codecs-strings-6.9.0.tgz"
  integrity sha512-PTqYQxMsmdfEEq29bV1AnALD4FjFEsSxOj1fYNqooOSTEQEpUoYEQtsd55/kBsnIKltXbvYwXYXBusm19n1sQA==
  dependencies:
    "@solana/codecs-core" "6.9.0"
    "@solana/codecs-numbers" "6.9.0"
    "@solana/errors" "6.9.0"

"@solana/codecs@6.9.0":
  version "6.9.0"
  resolved "https://registry.npmjs.org/@solana/codecs/-/codecs-6.9.0.tgz"
  integrity sha512-oWOybKa1PTGI1D/FyrvGKralADM1jmVZC2AtgEo+4JTKG0+i1p9ZbwNY2UcJqdYsDMDaGHAx0LMAid9LDCxXTQ==
  dependencies:
    "@solana/codecs-core" "6.9.0"
    "@solana/codecs-data-structures" "6.9.0"
    "@solana/codecs-numbers" "6.9.0"
    "@solana/codecs-strings" "6.9.0"
    "@solana/fixed-points" "6.9.0"
    "@solana/options" "6.9.0"

"@solana/errors@6.10.0":
  version "6.10.0"
  resolved "https://registry.yarnpkg.com/@solana/errors/-/errors-6.10.0.tgz#46752a9cfb67db713399f884dd1b110d87b6d327"
  integrity sha512-KBLAxCtAXr357JNhCyIDQXWbuSj5vN6w+28FSfcYY6OOSiphmXLAV3V58jgV0C6iNbIzFJFi6yatFyDTdeJsNg==
  dependencies:
    chalk "5.6.2"
    commander "15.0.0"

"@solana/errors@6.9.0":
  version "6.9.0"
  resolved "https://registry.npmjs.org/@solana/errors/-/errors-6.9.0.tgz"
  integrity sha512-7i+b07KMnkbHvFlz7uWade3jvyc22UmVm8o9taxPK8YV3JNM/NkS8oQFvMac2MIaLPAlEs7I8MHyVLUal1yY4g==
  dependencies:
    chalk "5.6.2"
    commander "14.0.3"

"@solana/fast-stable-stringify@6.9.0":
  version "6.9.0"
  resolved "https://registry.npmjs.org/@solana/fast-stable-stringify/-/fast-stable-stringify-6.9.0.tgz"
  integrity sha512-l14zGVsURbT5Aox/kLFQywqV4VaE9/j3h2EvCu9oULVPMwzQB6yezJb1/KyiDwhm/RscooPd0gFQFIKEGQbayw==

"@solana/fixed-points@6.10.0":
  version "6.10.0"
  resolved "https://registry.yarnpkg.com/@solana/fixed-points/-/fixed-points-6.10.0.tgz#bbb24e788e8014378c4bbb5caa98d219dcf02957"
  integrity sha512-ZkKL0alXH3L7/wMiVG8YUuG8qBKunlM810+YBD7nUPRhifiGsX1zwADViHLYNqLr/jUk0mTYFUcKznTpB/K+Gg==
  dependencies:
    "@solana/codecs-core" "6.10.0"
    "@solana/errors" "6.10.0"

"@solana/fixed-points@6.9.0":
  version "6.9.0"
  resolved "https://registry.npmjs.org/@solana/fixed-points/-/fixed-points-6.9.0.tgz"
  integrity sha512-0K7mbYC4jdAZFlXqXjpNanmEyZxk7K9NtXDLc1zuhGuxwH8J9guvohwdw2V7TQ9bfjCYsprY3Tp2kUVQpECGmA==
  dependencies:
    "@solana/codecs-core" "6.9.0"
    "@solana/errors" "6.9.0"

"@solana/functional@6.10.0":
  version "6.10.0"
  resolved "https://registry.yarnpkg.com/@solana/functional/-/functional-6.10.0.tgz#f981f44f85ab866e948a68c74268c9af51af5e8e"
  integrity sha512-P8cevu4mAqHTXC37h1TVoOh8zhWB2tlOI/R9vWjYPpcLwcyWf8p2qq4LEGHl5kY+1C+4PNX39HsmCocXOPCDkQ==

"@solana/functional@6.9.0":
  version "6.9.0"
  resolved "https://registry.npmjs.org/@solana/functional/-/functional-6.9.0.tgz"
  integrity sha512-sgNHOaIjETZZuziZdlwPsU5EjBVj5M0dUbwrSQTTNZe0SxX3pQ1QFVcs5KyvdS7AQcpBVdLjx4CfQjdKXk52GA==

"@solana/instruction-plans@6.9.0":
  version "6.9.0"
  resolved "https://registry.npmjs.org/@solana/instruction-plans/-/instruction-plans-6.9.0.tgz"
  integrity sha512-SxTSOetEKD+WPzvDuYRsP1+KkwUp8KqL1n7oFx9ThxjyfEY0ly0i9KdbvX5yYVDOA2TSwrltgdu14y/Pf6y3Cg==
  dependencies:
    "@solana/errors" "6.9.0"
    "@solana/instructions" "6.9.0"
    "@solana/keys" "6.9.0"
    "@solana/promises" "6.9.0"
    "@solana/transaction-messages" "6.9.0"
    "@solana/transactions" "6.9.0"

"@solana/instructions@6.10.0":
  version "6.10.0"
  resolved "https://registry.yarnpkg.com/@solana/instructions/-/instructions-6.10.0.tgz#7e326eafbb55e57bc44b1484e29362645fd8931d"
  integrity sha512-0TToYF+8LXQ3ofPMx+yF6yaM9l4YJvcAPMy0qV5JsrBUFlWXBSANRuudKBQLHMvb+a3OiUTq5X7omuorKMBB3A==
  dependencies:
    "@solana/codecs-core" "6.10.0"
    "@solana/errors" "6.10.0"

"@solana/instructions@6.9.0":
  version "6.9.0"
  resolved "https://registry.npmjs.org/@solana/instructions/-/instructions-6.9.0.tgz"
  integrity sha512-LZfJx3bGdUSbGaswoOEPHygticqkCg3TusRczPJXyCmKhoQzPCcGQQ99qMzP7Wg8pEV5tWA5t7tycf8E237ydg==
  dependencies:
    "@solana/codecs-core" "6.9.0"
    "@solana/errors" "6.9.0"

"@solana/keys@6.10.0":
  version "6.10.0"
  resolved "https://registry.yarnpkg.com/@solana/keys/-/keys-6.10.0.tgz#d2ba341c36ae9638b915e2af258fa57488052867"
  integrity sha512-26IRfdm/hTUCmM7MeEeX0ULSbCM6OzkZTkfkrPircqmRM7xyNqP4hq7u0P7wjb9dl7NfgyG6K7cdvUxrj2e3mA==
  dependencies:
    "@solana/assertions" "6.10.0"
    "@solana/codecs-core" "6.10.0"
    "@solana/codecs-strings" "6.10.0"
    "@solana/errors" "6.10.0"
    "@solana/nominal-types" "6.10.0"
    "@solana/promises" "6.10.0"

"@solana/keys@6.9.0":
  version "6.9.0"
  resolved "https://registry.npmjs.org/@solana/keys/-/keys-6.9.0.tgz"
  integrity sha512-1g2QARiqSjNqT0EIqLDLQ5vRm7hCsbqgFwFAp5GsMV/8BTYT8s1Ct2wLHDZiJ4eAX6beTHVf8LbOBfVejtn3oQ==
  dependencies:
    "@solana/assertions" "6.9.0"
    "@solana/codecs-core" "6.9.0"
    "@solana/codecs-strings" "6.9.0"
    "@solana/errors" "6.9.0"
    "@solana/nominal-types" "6.9.0"
    "@solana/promises" "6.9.0"

"@solana/kit@^6.4.0":
  version "6.9.0"
  resolved "https://registry.npmjs.org/@solana/kit/-/kit-6.9.0.tgz"
  integrity sha512-k7BRz7Akfv8wiRtlCR/xUyDLfuMfYMelMR1+AC5KgwaRRJReDF0BucMLNN1In7WoI+KuWwr1OKv4na/oKpyeAQ==
  dependencies:
    "@solana/accounts" "6.9.0"
    "@solana/addresses" "6.9.0"
    "@solana/codecs" "6.9.0"
    "@solana/errors" "6.9.0"
    "@solana/functional" "6.9.0"
    "@solana/instruction-plans" "6.9.0"
    "@solana/instructions" "6.9.0"
    "@solana/keys" "6.9.0"
    "@solana/offchain-messages" "6.9.0"
    "@solana/plugin-core" "6.9.0"
    "@solana/plugin-interfaces" "6.9.0"
    "@solana/program-client-core" "6.9.0"
    "@solana/programs" "6.9.0"
    "@solana/rpc" "6.9.0"
    "@solana/rpc-api" "6.9.0"
    "@solana/rpc-parsed-types" "6.9.0"
    "@solana/rpc-spec-types" "6.9.0"
    "@solana/rpc-subscriptions" "6.9.0"
    "@solana/rpc-types" "6.9.0"
    "@solana/signers" "6.9.0"
    "@solana/subscribable" "6.9.0"
    "@solana/sysvars" "6.9.0"
    "@solana/transaction-confirmation" "6.9.0"
    "@solana/transaction-messages" "6.9.0"
    "@solana/transactions" "6.9.0"

"@solana/nominal-types@6.10.0":
  version "6.10.0"
  resolved "https://registry.yarnpkg.com/@solana/nominal-types/-/nominal-types-6.10.0.tgz#507895bbbfd9abc54fffdd903ca2738f7210c558"
  integrity sha512-9ykyBBvnkInH7fCacjJi7zu2PJyd+OCt+VTjIISv070fHzKIMFqZqJJ/dJ0SRH2aHwfB3n86iVsmtBtuxi4KKA==

"@solana/nominal-types@6.9.0":
  version "6.9.0"
  resolved "https://registry.npmjs.org/@solana/nominal-types/-/nominal-types-6.9.0.tgz"
  integrity sha512-ouhrnY7a6nsLXRGcariwcmHDdXroCNqOuzwtdjKt2c8e8Drwao9yxPH2VoViNgpq8IGNJeQMEI1TVnoJZRn0gw==

"@solana/offchain-messages@6.10.0":
  version "6.10.0"
  resolved "https://registry.yarnpkg.com/@solana/offchain-messages/-/offchain-messages-6.10.0.tgz#34bde47866f2ff75438b783a8926fcb3f35d2f84"
  integrity sha512-RiEgAueeMkFMC1suOXBIcmCZgtXRxy24yk0DldPB37bB4zwOF1SAaRjNRPjIkGK8RhCYrEpPosnzLyavw9ueRg==
  dependencies:
    "@solana/addresses" "6.10.0"
    "@solana/codecs-core" "6.10.0"
    "@solana/codecs-data-structures" "6.10.0"
    "@solana/codecs-numbers" "6.10.0"
    "@solana/codecs-strings" "6.10.0"
    "@solana/errors" "6.10.0"
    "@solana/keys" "6.10.0"
    "@solana/nominal-types" "6.10.0"

"@solana/offchain-messages@6.9.0":
  version "6.9.0"
  resolved "https://registry.npmjs.org/@solana/offchain-messages/-/offchain-messages-6.9.0.tgz"
  integrity sha512-qK3tqRPb+E0kmTz5qFXZbEdF4pyzfOWRZjyVESHVGemDDeGzZ1SV3zAxcA6HBCnv4wCBnlyaDPw8t+5sryNMAw==
  dependencies:
    "@solana/addresses" "6.9.0"
    "@solana/codecs-core" "6.9.0"
    "@solana/codecs-data-structures" "6.9.0"
    "@solana/codecs-numbers" "6.9.0"
    "@solana/codecs-strings" "6.9.0"
    "@solana/errors" "6.9.0"
    "@solana/keys" "6.9.0"
    "@solana/nominal-types" "6.9.0"

"@solana/options@6.9.0":
  version "6.9.0"
  resolved "https://registry.npmjs.org/@solana/options/-/options-6.9.0.tgz"
  integrity sha512-H5ZRWNzzLMwHU/fRU9aVx+3TaMN4gDNCUYxsZxq0h7mqiwxFy6mpy95xPsfdldthCHDYtYnUTxe2sBatGbNHig==
  dependencies:
    "@solana/codecs-core" "6.9.0"
    "@solana/codecs-data-structures" "6.9.0"
    "@solana/codecs-numbers" "6.9.0"
    "@solana/codecs-strings" "6.9.0"
    "@solana/errors" "6.9.0"

"@solana/plugin-core@6.9.0":
  version "6.9.0"
  resolved "https://registry.npmjs.org/@solana/plugin-core/-/plugin-core-6.9.0.tgz"
  integrity sha512-KslLSnzY8zbGZibEBVMVUm2ZS8T2xf+cut7F65VjWPoWNAxU+p7933wsMz/az6CF7b65RI7iU3HhCr5/5QF50w==

"@solana/plugin-interfaces@6.9.0":
  version "6.9.0"
  resolved "https://registry.npmjs.org/@solana/plugin-interfaces/-/plugin-interfaces-6.9.0.tgz"
  integrity sha512-Qj4sk9thkM1UgnFXvWIoezd/CbqpX/2jigLBDsMB5Ed/gmFlkBSTL127LFDSY3OtzBpXl4hROs+Zqv+5xqtguA==
  dependencies:
    "@solana/addresses" "6.9.0"
    "@solana/instruction-plans" "6.9.0"
    "@solana/keys" "6.9.0"
    "@solana/rpc-spec" "6.9.0"
    "@solana/rpc-subscriptions-spec" "6.9.0"
    "@solana/rpc-types" "6.9.0"
    "@solana/signers" "6.9.0"

"@solana/program-client-core@6.9.0", "@solana/program-client-core@^6.4.0":
  version "6.9.0"
  resolved "https://registry.npmjs.org/@solana/program-client-core/-/program-client-core-6.9.0.tgz"
  integrity sha512-+iUnsddhs72QoBJoUO+/yHUXoBvYWa1sGCBRJk35zeg8j7ZXEwRkk6eX0VOrUPxhEpQbYJsIOCrIYApNIt8RFw==
  dependencies:
    "@solana/accounts" "6.9.0"
    "@solana/addresses" "6.9.0"
    "@solana/codecs-core" "6.9.0"
    "@solana/errors" "6.9.0"
    "@solana/instruction-plans" "6.9.0"
    "@solana/instructions" "6.9.0"
    "@solana/plugin-interfaces" "6.9.0"
    "@solana/rpc-api" "6.9.0"
    "@solana/signers" "6.9.0"

"@solana/programs@6.9.0":
  version "6.9.0"
  resolved "https://registry.npmjs.org/@solana/programs/-/programs-6.9.0.tgz"
  integrity sha512-L9LAnQtfFFcCDLcbbnxhUtgAmu/kS4aRmrVncdnX5CFyQshlpo0/Qhrq3UA7vnhute4gjYV4pFT+64onH5qGEQ==
  dependencies:
    "@solana/addresses" "6.9.0"
    "@solana/errors" "6.9.0"

"@solana/promises@6.10.0":
  version "6.10.0"
  resolved "https://registry.yarnpkg.com/@solana/promises/-/promises-6.10.0.tgz#6ac79acb1d4561108278e4cc563c1eb3a4db6155"
  integrity sha512-oJSIn+VBBMWDo8oqw7RV3tI6Jih+Ieup6FcQLYLDUriaeo7+8l1Zdezl8zh7SIfeU4lOfAbRg6mR0huaS/Lltg==

"@solana/promises@6.9.0":
  version "6.9.0"
  resolved "https://registry.npmjs.org/@solana/promises/-/promises-6.9.0.tgz"
  integrity sha512-227PlXRi6KZX4ODYTkJitr9InSa79NTquI72slay4gzxO9VmMepgvYdMAX6kawdN5pt+VzaklKhNhWXk50Pi9g==

"@solana/rpc-api@6.9.0":
  version "6.9.0"
  resolved "https://registry.npmjs.org/@solana/rpc-api/-/rpc-api-6.9.0.tgz"
  integrity sha512-3KhXS6A1ie6GqTywW/KEMSXJ1VJEU66fxjhuiiqPILuJstP7kex3ycr3H6DirKydUsy6gaKaPN43rE+LfyS7OA==
  dependencies:
    "@solana/addresses" "6.9.0"
    "@solana/codecs-core" "6.9.0"
    "@solana/codecs-strings" "6.9.0"
    "@solana/errors" "6.9.0"
    "@solana/keys" "6.9.0"
    "@solana/rpc-parsed-types" "6.9.0"
    "@solana/rpc-spec" "6.9.0"
    "@solana/rpc-transformers" "6.9.0"
    "@solana/rpc-types" "6.9.0"
    "@solana/transaction-messages" "6.9.0"
    "@solana/transactions" "6.9.0"

"@solana/rpc-parsed-types@6.9.0":
  version "6.9.0"
  resolved "https://registry.npmjs.org/@solana/rpc-parsed-types/-/rpc-parsed-types-6.9.0.tgz"
  integrity sha512-6ThH8izY+DWDyrVOOlS40vTcFjwjCinjfqnId7zhRk8OxhkfHQ/iEj+OnGwD4Yhe8pGdVa7GNVYlrQgQgzQ3eQ==

"@solana/rpc-spec-types@6.9.0":
  version "6.9.0"
  resolved "https://registry.npmjs.org/@solana/rpc-spec-types/-/rpc-spec-types-6.9.0.tgz"
  integrity sha512-A4fY1JRrcKqX3EfttO4Q8L97nGPqdjfekAV0eDyxN5nu9ngf5p7GKenkl7AYDoHLNr6ZX/C96cRADxXjsRJ0iA==

"@solana/rpc-spec@6.9.0":
  version "6.9.0"
  resolved "https://registry.npmjs.org/@solana/rpc-spec/-/rpc-spec-6.9.0.tgz"
  integrity sha512-3yHRoChc0IpsJbUq0/94l+ar3t9U3Ax58W0HON7eyYe7zFP10UAxpkHn7DPch9DeALyuGph8kVnvl+kXRgJlGg==
  dependencies:
    "@solana/errors" "6.9.0"
    "@solana/rpc-spec-types" "6.9.0"

"@solana/rpc-subscriptions-api@6.9.0":
  version "6.9.0"
  resolved "https://registry.npmjs.org/@solana/rpc-subscriptions-api/-/rpc-subscriptions-api-6.9.0.tgz"
  integrity sha512-UA/rPQeNx6zQMUFcS8PPPuB4vzUOtSzIY/igMH0DRoP020NyES2GguIb7Zo7sqDNi4n0gkQRhoW4dPVotcNKdA==
  dependencies:
    "@solana/addresses" "6.9.0"
    "@solana/keys" "6.9.0"
    "@solana/rpc-subscriptions-spec" "6.9.0"
    "@solana/rpc-transformers" "6.9.0"
    "@solana/rpc-types" "6.9.0"
    "@solana/transaction-messages" "6.9.0"
    "@solana/transactions" "6.9.0"

"@solana/rpc-subscriptions-channel-websocket@6.9.0":
  version "6.9.0"
  resolved "https://registry.npmjs.org/@solana/rpc-subscriptions-channel-websocket/-/rpc-subscriptions-channel-websocket-6.9.0.tgz"
  integrity sha512-kT8Yne9HjJD2gooaOFNSyKrvaIfOy2GR0Ymv8OfecBCwFStdz+SPo5eYXq8ZWoZbr5E/MMpHgqsHBanqa2Ffyg==
  dependencies:
    "@solana/errors" "6.9.0"
    "@solana/functional" "6.9.0"
    "@solana/rpc-subscriptions-spec" "6.9.0"
    "@solana/subscribable" "6.9.0"
    ws "^8.19.0"

"@solana/rpc-subscriptions-spec@6.9.0":
  version "6.9.0"
  resolved "https://registry.npmjs.org/@solana/rpc-subscriptions-spec/-/rpc-subscriptions-spec-6.9.0.tgz"
  integrity sha512-DbaG67s99vRZQxFMK80UQ7DEKkRJK6JEZeYg/U5UttD6n7ax/vct7qopxGnrt4RCkaaac2fU8Sr+fcnvWQweUg==
  dependencies:
    "@solana/errors" "6.9.0"
    "@solana/promises" "6.9.0"
    "@solana/rpc-spec-types" "6.9.0"
    "@solana/subscribable" "6.9.0"

"@solana/rpc-subscriptions@6.9.0":
  version "6.9.0"
  resolved "https://registry.npmjs.org/@solana/rpc-subscriptions/-/rpc-subscriptions-6.9.0.tgz"
  integrity sha512-IMctZQaMxzvRACQ6ooW98lP+7tVoUJnRgOZtkAdzgBizldQAYPIKd3MulP0jbQPCMfdPsa2Hs0NBcUwfgonq3w==
  dependencies:
    "@solana/errors" "6.9.0"
    "@solana/fast-stable-stringify" "6.9.0"
    "@solana/functional" "6.9.0"
    "@solana/promises" "6.9.0"
    "@solana/rpc-spec-types" "6.9.0"
    "@solana/rpc-subscriptions-api" "6.9.0"
    "@solana/rpc-subscriptions-channel-websocket" "6.9.0"
    "@solana/rpc-subscriptions-spec" "6.9.0"
    "@solana/rpc-transformers" "6.9.0"
    "@solana/rpc-types" "6.9.0"
    "@solana/subscribable" "6.9.0"

"@solana/rpc-transformers@6.9.0":
  version "6.9.0"
  resolved "https://registry.npmjs.org/@solana/rpc-transformers/-/rpc-transformers-6.9.0.tgz"
  integrity sha512-dg4LK2wEBpaY+KRk/SJIkYvrvjdsc1AwD4bkmGY4Fp7EwVlvwBQShAQn78Qi4IP0WQ/0n9ncFyUxgcB1Y01ZuQ==
  dependencies:
    "@solana/errors" "6.9.0"
    "@solana/functional" "6.9.0"
    "@solana/nominal-types" "6.9.0"
    "@solana/rpc-spec-types" "6.9.0"
    "@solana/rpc-types" "6.9.0"

"@solana/rpc-transport-http@6.9.0":
  version "6.9.0"
  resolved "https://registry.npmjs.org/@solana/rpc-transport-http/-/rpc-transport-http-6.9.0.tgz"
  integrity sha512-4gy30fWJcS6jrcXCoP/optFpGJ/gD9xdkE8wDbe1Ys/Y+e4XjyBt45xtTnbdmMdukvdRX+oXS3zgUIYoagpNzQ==
  dependencies:
    "@solana/errors" "6.9.0"
    "@solana/rpc-spec" "6.9.0"
    "@solana/rpc-spec-types" "6.9.0"
    undici-types "^8.2.0"

"@solana/rpc-types@6.10.0":
  version "6.10.0"
  resolved "https://registry.yarnpkg.com/@solana/rpc-types/-/rpc-types-6.10.0.tgz#d2db609ba6deaeea0d9c099640ff32f64ffa102a"
  integrity sha512-zaSecTfCPvz/vcoAmKD6XoRstGHTr1EKJBD8T9UcpEFFB6CtF6DxerDB+wrzkamuT6msmnR2DWXMrYOGDAsgIg==
  dependencies:
    "@solana/addresses" "6.10.0"
    "@solana/codecs-core" "6.10.0"
    "@solana/codecs-numbers" "6.10.0"
    "@solana/codecs-strings" "6.10.0"
    "@solana/errors" "6.10.0"
    "@solana/fixed-points" "6.10.0"
    "@solana/nominal-types" "6.10.0"

"@solana/rpc-types@6.9.0":
  version "6.9.0"
  resolved "https://registry.npmjs.org/@solana/rpc-types/-/rpc-types-6.9.0.tgz"
  integrity sha512-iFhPzZK3qiQ1lhfNTNBTI7BIs5PfWZSgRLD3enKm8ZAQggzvUklfO3KPh47jVsc/Jsr1UGPH8M3o3m17qjO1Cg==
  dependencies:
    "@solana/addresses" "6.9.0"
    "@solana/codecs-core" "6.9.0"
    "@solana/codecs-numbers" "6.9.0"
    "@solana/codecs-strings" "6.9.0"
    "@solana/errors" "6.9.0"
    "@solana/fixed-points" "6.9.0"
    "@solana/nominal-types" "6.9.0"

"@solana/rpc@6.9.0":
  version "6.9.0"
  resolved "https://registry.npmjs.org/@solana/rpc/-/rpc-6.9.0.tgz"
  integrity sha512-ny1Kt20+oq3xZErNA56+Magmb2JKYfQgHwZTsBmHKVl/9mBpv1y1+ygV+KNiiX/wWXWstLbdIo1jgPwZPbU2Vg==
  dependencies:
    "@solana/errors" "6.9.0"
    "@solana/fast-stable-stringify" "6.9.0"
    "@solana/functional" "6.9.0"
    "@solana/rpc-api" "6.9.0"
    "@solana/rpc-spec" "6.9.0"
    "@solana/rpc-spec-types" "6.9.0"
    "@solana/rpc-transformers" "6.9.0"
    "@solana/rpc-transport-http" "6.9.0"
    "@solana/rpc-types" "6.9.0"

"@solana/signers@6.9.0":
  version "6.9.0"
  resolved "https://registry.npmjs.org/@solana/signers/-/signers-6.9.0.tgz"
  integrity sha512-x7WyoRm9IORMqeSqNivZgyY+RERPkmqWxpINPD13kUH+oaZzonORIgxk2Lz+u5iPRXiJPkdRPrQ4FoFWv8i6kQ==
  dependencies:
    "@solana/addresses" "6.9.0"
    "@solana/codecs-core" "6.9.0"
    "@solana/errors" "6.9.0"
    "@solana/instructions" "6.9.0"
    "@solana/keys" "6.9.0"
    "@solana/nominal-types" "6.9.0"
    "@solana/offchain-messages" "6.9.0"
    "@solana/transaction-messages" "6.9.0"
    "@solana/transactions" "6.9.0"

"@solana/signers@^6.4.0":
  version "6.10.0"
  resolved "https://registry.yarnpkg.com/@solana/signers/-/signers-6.10.0.tgz#32f51cde84a399a8008f284e8300bec68cd29a15"
  integrity sha512-+vtCc+mT1FpGxrA5oL2aaMxSHiMJ2hH5PcDIfjo2XJkHz2klZiCZyT5F9+zpltc9vdi1QTElQq59Sfplmtd33A==
  dependencies:
    "@solana/addresses" "6.10.0"
    "@solana/codecs-core" "6.10.0"
    "@solana/errors" "6.10.0"
    "@solana/instructions" "6.10.0"
    "@solana/keys" "6.10.0"
    "@solana/nominal-types" "6.10.0"
    "@solana/offchain-messages" "6.10.0"
    "@solana/transaction-messages" "6.10.0"
    "@solana/transactions" "6.10.0"

"@solana/subscribable@6.9.0":
  version "6.9.0"
  resolved "https://registry.npmjs.org/@solana/subscribable/-/subscribable-6.9.0.tgz"
  integrity sha512-YV0/BrJNfepf10CTfLwD7kRY1kkELDHd+BbHJZhBeiuiXTY3xQTvvx1RFs3NtfFCcTHG25Uh8NpRacQJnxSSIQ==
  dependencies:
    "@solana/errors" "6.9.0"

"@solana/sysvars@6.9.0":
  version "6.9.0"
  resolved "https://registry.npmjs.org/@solana/sysvars/-/sysvars-6.9.0.tgz"
  integrity sha512-e0e+QKr/th9t/O2N1oUoJmcodLghzAtWKUlGb1zyYub0/WJrPImnKqJqp/gDP4tK98mJxopPMcprCeHk4B+TQg==
  dependencies:
    "@solana/accounts" "6.9.0"
    "@solana/codecs-core" "6.9.0"
    "@solana/codecs-data-structures" "6.9.0"
    "@solana/codecs-numbers" "6.9.0"
    "@solana/errors" "6.9.0"
    "@solana/rpc-types" "6.9.0"

"@solana/transaction-confirmation@6.9.0":
  version "6.9.0"
  resolved "https://registry.npmjs.org/@solana/transaction-confirmation/-/transaction-confirmation-6.9.0.tgz"
  integrity sha512-fzYCOih7hhtBzzNSkAnxMjeFeQ8U7e27k9i0RsgQc3/e3OCynF5HoIVNhhqZbwfIBKiaD4ginJR6slRnfqO32Q==
  dependencies:
    "@solana/addresses" "6.9.0"
    "@solana/codecs-strings" "6.9.0"
    "@solana/errors" "6.9.0"
    "@solana/keys" "6.9.0"
    "@solana/promises" "6.9.0"
    "@solana/rpc" "6.9.0"
    "@solana/rpc-subscriptions" "6.9.0"
    "@solana/rpc-types" "6.9.0"
    "@solana/transaction-messages" "6.9.0"
    "@solana/transactions" "6.9.0"

"@solana/transaction-messages@6.10.0":
  version "6.10.0"
  resolved "https://registry.yarnpkg.com/@solana/transaction-messages/-/transaction-messages-6.10.0.tgz#f0c2de941bc8787b42eec21e37af92ff2e6d5bd3"
  integrity sha512-s7v8G3BTxGlKYIj3eWCG0g1296v+1LBt16mVnlRH5FuyaJ5AdhlhtRho5HUDpdwE8EXun+y1c48V6uhcZ8wdbQ==
  dependencies:
    "@solana/addresses" "6.10.0"
    "@solana/codecs-core" "6.10.0"
    "@solana/codecs-data-structures" "6.10.0"
    "@solana/codecs-numbers" "6.10.0"
    "@solana/errors" "6.10.0"
    "@solana/functional" "6.10.0"
    "@solana/instructions" "6.10.0"
    "@solana/nominal-types" "6.10.0"
    "@solana/rpc-types" "6.10.0"

"@solana/transaction-messages@6.9.0":
  version "6.9.0"
  resolved "https://registry.npmjs.org/@solana/transaction-messages/-/transaction-messages-6.9.0.tgz"
  integrity sha512-OWpryt0w6SHlwHx12Vd1wvx2QwSGBXAIUEHTCtkctcM3AaZRy5cIl7CAq9iD5PgahUsaOyRLBV0zlCJcC2JrJA==
  dependencies:
    "@solana/addresses" "6.9.0"
    "@solana/codecs-core" "6.9.0"
    "@solana/codecs-data-structures" "6.9.0"
    "@solana/codecs-numbers" "6.9.0"
    "@solana/errors" "6.9.0"
    "@solana/functional" "6.9.0"
    "@solana/instructions" "6.9.0"
    "@solana/nominal-types" "6.9.0"
    "@solana/rpc-types" "6.9.0"

"@solana/transactions@6.10.0":
  version "6.10.0"
  resolved "https://registry.yarnpkg.com/@solana/transactions/-/transactions-6.10.0.tgz#a06485336ee8fe9059bf4a83fcefb2056935025d"
  integrity sha512-VADSqP9OTYmhrox4pcgDd4+RjVmednXSE0+8Y7SPK4PN1pK5Az2RJ0nSsy0xcTnaOr8mF/crwFktqPrRQwSbQA==
  dependencies:
    "@solana/addresses" "6.10.0"
    "@solana/codecs-core" "6.10.0"
    "@solana/codecs-data-structures" "6.10.0"
    "@solana/codecs-numbers" "6.10.0"
    "@solana/codecs-strings" "6.10.0"
    "@solana/errors" "6.10.0"
    "@solana/functional" "6.10.0"
    "@solana/instructions" "6.10.0"
    "@solana/keys" "6.10.0"
    "@solana/nominal-types" "6.10.0"
    "@solana/rpc-types" "6.10.0"
    "@solana/transaction-messages" "6.10.0"

"@solana/transactions@6.9.0":
  version "6.9.0"
  resolved "https://registry.npmjs.org/@solana/transactions/-/transactions-6.9.0.tgz"
  integrity sha512-uKPzLwHbjwChfVl82he17ntkh02PfgnMMhN7uOAC+VbkIt1O+EEw8sX87gi6kdG/EV+QBDQXm9PLAo5W0tYylw==
  dependencies:
    "@solana/addresses" "6.9.0"
    "@solana/codecs-core" "6.9.0"
    "@solana/codecs-data-structures" "6.9.0"
    "@solana/codecs-numbers" "6.9.0"
    "@solana/codecs-strings" "6.9.0"
    "@solana/errors" "6.9.0"
    "@solana/functional" "6.9.0"
    "@solana/instructions" "6.9.0"
    "@solana/keys" "6.9.0"
    "@solana/nominal-types" "6.9.0"
    "@solana/rpc-types" "6.9.0"
    "@solana/transaction-messages" "6.9.0"

chalk@5.6.2:
  version "5.6.2"
  resolved "https://registry.npmjs.org/chalk/-/chalk-5.6.2.tgz"
  integrity sha512-7NzBL0rN6fMUW+f7A6Io4h40qQlG+xGmtMxfbnH/K7TAtt8JQWVQK+6g0UXKMeVJoyV5EkkNsErQ8pVD3bLHbA==

commander@14.0.3:
  version "14.0.3"
  resolved "https://registry.npmjs.org/commander/-/commander-14.0.3.tgz"
  integrity sha512-H+y0Jo/T1RZ9qPP4Eh1pkcQcLRglraJaSLoyOtHxu6AapkjWVCy2Sit1QQ4x3Dng8qDlSsZEet7g5Pq06MvTgw==

commander@15.0.0:
  version "15.0.0"
  resolved "https://registry.yarnpkg.com/commander/-/commander-15.0.0.tgz#96f3961f12adac1799ef3fbd8bc61d40572d1b11"
  integrity sha512-z67u4ZhzCL/Tydu1lJARtEZYWbWaN7oYLHbsuzocr6y4N6WZAagG3RQ4FW61V1/0+jImpj293XfrcYnd1qxtPg==

"phygital-token-sdk@file:../phygital-token":
  version "0.4.1"
  dependencies:
    "@noble/curves" "^2.0.1"
    "@noble/hashes" "^2.0.1"
    "@simplewebauthn/browser" "^13.3.0"
    "@solana-program/system" "^0.12.2"
    "@solana-program/token-2022" "^0.11.0"
    "@solana/program-client-core" "^6.4.0"
    "@solana/signers" "^6.4.0"

typescript@^5.7.3:
  version "5.9.3"
  resolved "https://registry.npmjs.org/typescript/-/typescript-5.9.3.tgz"
  integrity sha512-jl1vZzPDinLr9eUt3J/t7V6FgNEw9QjvBPdysz9KfQDD41fQrC2Y4vKQdiaUpFT4bXlb1RHhLpp8wtm6M5TgSw==

undici-types@^8.2.0:
  version "8.4.1"
  resolved "https://registry.npmjs.org/undici-types/-/undici-types-8.4.1.tgz"
  integrity sha512-iIXDNrTeaM0lDZvNUY1Urfs9dVgOWdQCkv6VMiePh644EKce0qoz6FNxxg7/DS4CxbFI36Atlz0VgHKS2qL1Dw==

ws@^8.19.0:
  version "8.21.0"
  resolved "https://registry.npmjs.org/ws/-/ws-8.21.0.tgz"
  integrity sha512-Vsp28b7DRcimFQvrqu2Wek3z1iYxDCWqHYB8Qsnk/S4RfaCQzPGPyBNuVjJV3cd6UiKtUtp6sNM77gWvzcCH+g==
